
Microsoft Visual Studio Solution File, Format Version 12.00
# Visual Studio Version 16
VisualStudioVersion = 16.0.28922.388
MinimumVisualStudioVersion = 10.0.40219.1
Project("{9A19103F-16F7-4668-BE54-9A1E7A4F7556}") = "BookListRazor", "BookListRazor\BookListRazor.csproj", "{D862D107-7875-49F7-A691-EA2E8E816022}"
EndProject
Global
	GlobalSection(SolutionConfigurationPlatforms) = preSolution
		Debug|Any CPU = Debug|Any CPU
		Release|Any CPU = Release|Any CPU
	EndGlobalSection
	GlobalSection(ProjectConfigurationPlatforms) = postSolution
		{D862D107-7875-49F7-A691-EA2E8E816022}.Debug|Any CPU.ActiveCfg = Debug|Any CPU
		{D862D107-7875-49F7-A691-EA2E8E816022}.Debug|Any CPU.Build.0 = Debug|Any CPU
		{D862D107-7875-49F7-A691-EA2E8E816022}.Release|Any CPU.ActiveCfg = Release|Any CPU
		{D862D107-7875-49F7-A691-EA2E8E816022}.Release|Any CPU.Build.0 = Release|Any CPU
	EndGlobalSection
	GlobalSection(SolutionProperties) = preSolution
		HideSolutionNode = FALSE
	EndGlobalSection
	GlobalSection(ExtensibilityGlobals) = postSolution
		SolutionGuid = {62C5B67D-4CE0-45C2-BDD1-943361D12130}
	EndGlobalSection
EndGlobal
